
Microsoft Visual Studio Solution File, Format Version 12.00
# Visual Studio Version 16
VisualStudioVersion = 16.0.31829.152
MinimumVisualStudioVersion = 10.0.40219.1
Project("{FAE04EC0-301F-11D3-BF4B-00C04F79EFBC}") = "Demo_camera.Android", "Demo_camera.Android\Demo_camera.Android.csproj", "{24D107C1-9AFF-4FF2-876C-3DE4C99E827B}"
EndProject
Project("{FAE04EC0-301F-11D3-BF4B-00C04F79EFBC}") = "Demo_camera", "Demo_camera\Demo_camera.csproj", "{A0812ED5-5EC3-4E27-B2AE-787100660B85}"
EndProject
Global
	GlobalSection(SolutionConfigurationPlatforms) = preSolution
		Debug|Any CPU = Debug|Any CPU
		Release|Any CPU = Release|Any CPU
	EndGlobalSection
	GlobalSection(ProjectConfigurationPlatforms) = postSolution
		{24D107C1-9AFF-4FF2-876C-3DE4C99E827B}.Debug|Any CPU.ActiveCfg = Debug|Any CPU
		{24D107C1-9AFF-4FF2-876C-3DE4C99E827B}.Debug|Any CPU.Build.0 = Debug|Any CPU
		{24D107C1-9AFF-4FF2-876C-3DE4C99E827B}.Debug|Any CPU.Deploy.0 = Debug|Any CPU
		{24D107C1-9AFF-4FF2-876C-3DE4C99E827B}.Release|Any CPU.ActiveCfg = Release|Any CPU
		{24D107C1-9AFF-4FF2-876C-3DE4C99E827B}.Release|Any CPU.Build.0 = Release|Any CPU
		{24D107C1-9AFF-4FF2-876C-3DE4C99E827B}.Release|Any CPU.Deploy.0 = Release|Any CPU
		{A0812ED5-5EC3-4E27-B2AE-787100660B85}.Debug|Any CPU.ActiveCfg = Debug|Any CPU
		{A0812ED5-5EC3-4E27-B2AE-787100660B85}.Debug|Any CPU.Build.0 = Debug|Any CPU
		{A0812ED5-5EC3-4E27-B2AE-787100660B85}.Debug|Any CPU.Deploy.0 = Debug|Any CPU
		{A0812ED5-5EC3-4E27-B2AE-787100660B85}.Release|Any CPU.ActiveCfg = Release|Any CPU
		{A0812ED5-5EC3-4E27-B2AE-787100660B85}.Release|Any CPU.Build.0 = Release|Any CPU
		{A0812ED5-5EC3-4E27-B2AE-787100660B85}.Release|Any CPU.Deploy.0 = Release|Any CPU
	EndGlobalSection
	GlobalSection(SolutionProperties) = preSolution
		HideSolutionNode = FALSE
	EndGlobalSection
	GlobalSection(ExtensibilityGlobals) = postSolution
		SolutionGuid = {5EBF9B7F-AA8B-4425-A360-4F72989B78E9}
	EndGlobalSection
EndGlobal
